github.com/a-h/templ v0.2.793 h1:Io+/ocnfGWYO4VHdR0zBbf39PQlnzVCVVD+wEEs6/qY=
github.com/a-h/templ v0.2.793/go.mod h1:lq48JXoUvuQrU0VThrK31yFwdRjTCnIE5bcPCM9IP1w=
github.com/goccy/go-yaml v1.14.3 h1:8tVD+aqqPLWisSEhM+6wWoiURWXCx6BwaTKS6ZeITgM=
github.com/goccy/go-yaml v1.14.3/go.mod h1:XBurs7gK8ATbW4ZPGKgcbrY1Br56PdM69F7LkFRi1kA=
github.com/pelletier/go-toml/v2 v2.2.3 h1:YmeHyLY8mFWbdkNWwpr+qIL2bEqT0o95WSdkNHvL12M=
github.com/pelletier/go-toml/v2 v2.2.3/go.mod h1:MfCQTFTvCcUyyvvwm1+G6H/jORL20Xlb6rzQu9GuUkc=
